
Microsoft Visual Studio Solution File, Format Version 12.00
# Visual Studio Version 17
VisualStudioVersion = 17.4.33403.182
MinimumVisualStudioVersion = 10.0.40219.1
Project("{9A19103F-16F7-4668-BE54-9A1E7A4F7556}") = "PuzzleGame", "PuzzleGame\PuzzleGame.csproj", "{4D06D1D9-7A27-443D-BD2F-AB8209D046E7}"
EndProject
Project("{9A19103F-16F7-4668-BE54-9A1E7A4F7556}") = "PuzzleGame.DataAcess", "PuzzleGame.DataAcess\PuzzleGame.DataAcess.csproj", "{1B2AB3D1-BC01-4C69-A586-3DA833C4FFD1}"
EndProject
Project("{9A19103F-16F7-4668-BE54-9A1E7A4F7556}") = "PuzzleGame.Entities", "PuzzleGame.Entities\PuzzleGame.Entities.csproj", "{CDD110CD-73E4-486B-AFE6-57151402072E}"
EndProject
Project("{9A19103F-16F7-4668-BE54-9A1E7A4F7556}") = "PuzzleGame.Core", "PuzzleGame.Core\PuzzleGame.Core.csproj", "{0E5B5C94-E152-4AF8-BD07-96CCE2DAE35D}"
EndProject
Project("{9A19103F-16F7-4668-BE54-9A1E7A4F7556}") = "PuzzleGame.Business", "PuzzleGame.Business\PuzzleGame.Business.csproj", "{92B53459-9F58-4E3A-A3CB-DCD97920494A}"
EndProject
Project("{FAE04EC0-301F-11D3-BF4B-00C04F79EFBC}") = "PuzzleGame.WebUI", "PuzzleGame.WebUI\PuzzleGame.WebUI.csproj", "{0C690362-4781-4A58-9522-E258E755F9A3}"
EndProject
Global
	GlobalSection(SolutionConfigurationPlatforms) = preSolution
		Debug|Any CPU = Debug|Any CPU
		Release|Any CPU = Release|Any CPU
	EndGlobalSection
	GlobalSection(ProjectConfigurationPlatforms) = postSolution
		{4D06D1D9-7A27-443D-BD2F-AB8209D046E7}.Debug|Any CPU.ActiveCfg = Debug|Any CPU
		{4D06D1D9-7A27-443D-BD2F-AB8209D046E7}.Debug|Any CPU.Build.0 = Debug|Any CPU
		{4D06D1D9-7A27-443D-BD2F-AB8209D046E7}.Release|Any CPU.ActiveCfg = Release|Any CPU
		{4D06D1D9-7A27-443D-BD2F-AB8209D046E7}.Release|Any CPU.Build.0 = Release|Any CPU
		{1B2AB3D1-BC01-4C69-A586-3DA833C4FFD1}.Debug|Any CPU.ActiveCfg = Debug|Any CPU
		{1B2AB3D1-BC01-4C69-A586-3DA833C4FFD1}.Debug|Any CPU.Build.0 = Debug|Any CPU
		{1B2AB3D1-BC01-4C69-A586-3DA833C4FFD1}.Release|Any CPU.ActiveCfg = Release|Any CPU
		{1B2AB3D1-BC01-4C69-A586-3DA833C4FFD1}.Release|Any CPU.Build.0 = Release|Any CPU
		{CDD110CD-73E4-486B-AFE6-57151402072E}.Debug|Any CPU.ActiveCfg = Debug|Any CPU
		{CDD110CD-73E4-486B-AFE6-57151402072E}.Debug|Any CPU.Build.0 = Debug|Any CPU
		{CDD110CD-73E4-486B-AFE6-57151402072E}.Release|Any CPU.ActiveCfg = Release|Any CPU
		{CDD110CD-73E4-486B-AFE6-57151402072E}.Release|Any CPU.Build.0 = Release|Any CPU
		{0E5B5C94-E152-4AF8-BD07-96CCE2DAE35D}.Debug|Any CPU.ActiveCfg = Debug|Any CPU
		{0E5B5C94-E152-4AF8-BD07-96CCE2DAE35D}.Debug|Any CPU.Build.0 = Debug|Any CPU
		{0E5B5C94-E152-4AF8-BD07-96CCE2DAE35D}.Release|Any CPU.ActiveCfg = Release|Any CPU
		{0E5B5C94-E152-4AF8-BD07-96CCE2DAE35D}.Release|Any CPU.Build.0 = Release|Any CPU
		{92B53459-9F58-4E3A-A3CB-DCD97920494A}.Debug|Any CPU.ActiveCfg = Debug|Any CPU
		{92B53459-9F58-4E3A-A3CB-DCD97920494A}.Debug|Any CPU.Build.0 = Debug|Any CPU
		{92B53459-9F58-4E3A-A3CB-DCD97920494A}.Release|Any CPU.ActiveCfg = Release|Any CPU
		{92B53459-9F58-4E3A-A3CB-DCD97920494A}.Release|Any CPU.Build.0 = Release|Any CPU
		{0C690362-4781-4A58-9522-E258E755F9A3}.Debug|Any CPU.ActiveCfg = Debug|Any CPU
		{0C690362-4781-4A58-9522-E258E755F9A3}.Debug|Any CPU.Build.0 = Debug|Any CPU
		{0C690362-4781-4A58-9522-E258E755F9A3}.Release|Any CPU.ActiveCfg = Release|Any CPU
		{0C690362-4781-4A58-9522-E258E755F9A3}.Release|Any CPU.Build.0 = Release|Any CPU
	EndGlobalSection
	GlobalSection(SolutionProperties) = preSolution
		HideSolutionNode = FALSE
	EndGlobalSection
	GlobalSection(ExtensibilityGlobals) = postSolution
		SolutionGuid = {D6E18309-2352-4302-BBE4-FC37DC38B6BB}
	EndGlobalSection
EndGlobal
